# THIS IS AN AUTOGENERATED FILE. DO NOT EDIT THIS FILE DIRECTLY.
# yarn lockfile v1


"@babel/code-frame@^7.10.4":
  version "7.27.1"
  resolved "https://registry.yarnpkg.com/@babel/code-frame/-/code-frame-7.27.1.tgz#200f715e66d52a23b221a9435534a91cc13ad5be"
  integrity sha512-cjQ7ZlQ0Mv3b47hABuTevyTuYN4i+loJKGeV9flcCgIK37cCXRh+L1bd3iBHlynerhQ7BhCkn2BPbQUL+rGqFg==
  dependencies:
    "@babel/helper-validator-identifier" "^7.27.1"
    js-tokens "^4.0.0"
    picocolors "^1.1.1"

"@babel/helper-validator-identifier@^7.27.1":
  version "7.27.1"
  resolved "https://registry.yarnpkg.com/@babel/helper-validator-identifier/-/helper-validator-identifier-7.27.1.tgz#a7054dcc145a967dd4dc8fee845a57c1316c9df8"
  integrity sha512-D2hP9eA+Sqx1kBZgzxZh0y1trbuU+JoDkiEwqhQ36nodYqJwyEIhPSdMNd7lOm/4io72luTPWH20Yda0xOuUow==

"@babel/runtime@^7.12.5":
  version "7.28.4"
  resolved "https://registry.yarnpkg.com/@babel/runtime/-/runtime-7.28.4.tgz#a70226016fabe25c5783b2f22d3e1c9bc5ca3326"
  integrity sha512-Q/N6JNWvIvPnLDvjlE1OUBLPQHH6l3CltCEsHIujp45zQUSSh8K+gHnaEX45yAT1nyngnINhvWtzN+Nb9D8RAQ==

"@jridgewell/gen-mapping@^0.3.5":
  version "0.3.13"
  resolved "https://registry.yarnpkg.com/@jridgewell/gen-mapping/-/gen-mapping-0.3.13.tgz#6342a19f44347518c93e43b1ac69deb3c4656a1f"
  integrity sha512-2kkt/7niJ6MgEPxF0bYdQ6etZaA+fQvDcLKckhy1yIQOzaoKjBBjSj63/aLVjYE3qhRt5dvM+uUyfCg6UKCBbA==
  dependencies:
    "@jridgewell/sourcemap-codec" "^1.5.0"
    "@jridgewell/trace-mapping" "^0.3.24"

"@jridgewell/resolve-uri@^3.1.0":
  version "3.1.2"
  resolved "https://registry.yarnpkg.com/@jridgewell/resolve-uri/-/resolve-uri-3.1.2.tgz#7a0ee601f60f99a20c7c7c5ff0c80388c1189bd6"
  integrity sha512-bRISgCIjP20/tbWSPWMEi54QVPRZExkuD9lJL+UIxUKtwVJA8wW1Trb1jMs1RFXo1CBTNZ/5hpC9QvmKWdopKw==

"@jridgewell/source-map@^0.3.3":
  version "0.3.11"
  resolved "https://registry.yarnpkg.com/@jridgewell/source-map/-/source-map-0.3.11.tgz#b21835cbd36db656b857c2ad02ebd413cc13a9ba"
  integrity sha512-ZMp1V8ZFcPG5dIWnQLr3NSI1MiCU7UETdS/A0G8V/XWHvJv3ZsFqutJn1Y5RPmAPX6F3BiE397OqveU/9NCuIA==
  dependencies:
    "@jridgewell/gen-mapping" "^0.3.5"
    "@jridgewell/trace-mapping" "^0.3.25"

"@jridgewell/sourcemap-codec@^1.4.14", "@jridgewell/sourcemap-codec@^1.5.0", "@jridgewell/sourcemap-codec@^1.5.5":
  version "1.5.5"
  resolved "https://registry.yarnpkg.com/@jridgewell/sourcemap-codec/-/sourcemap-codec-1.5.5.tgz#6912b00d2c631c0d15ce1a7ab57cd657f2a8f8ba"
  integrity sha512-cYQ9310grqxueWbl+WuIUIaiUaDcj7WOq5fVhEljNVgRfOUhY9fy2zTvfoqWsnebh8Sl70VScFbICvJnLKB0Og==

"@jridgewell/trace-mapping@^0.3.24", "@jridgewell/trace-mapping@^0.3.25":
  version "0.3.31"
  resolved "https://registry.yarnpkg.com/@jridgewell/trace-mapping/-/trace-mapping-0.3.31.tgz#db15d6781c931f3a251a3dac39501c98a6082fd0"
  integrity sha512-zzNR+SdQSDJzc8joaeP8QQoCQr8NuYx2dIIytl1QeBEZHJ9uW6hebsrYgbz8hJwUQao3TWCMtmfV8Nu1twOLAw==
  dependencies:
    "@jridgewell/resolve-uri" "^3.1.0"
    "@jridgewell/sourcemap-codec" "^1.4.14"

"@matrix-org/matrix-sdk-crypto-wasm@^15.3.0":
  version "15.3.0"
  resolved "https://registry.yarnpkg.com/@matrix-org/matrix-sdk-crypto-wasm/-/matrix-sdk-crypto-wasm-15.3.0.tgz#141fd041ae382b793369bcee4394b0b577bdea0c"
  integrity sha512-QyxHvncvkl7nf+tnn92PjQ54gMNV8hMSpiukiDgNrqF6IYwgySTlcSdkPYdw8QjZJ0NR6fnVrNzMec0OohM3wA==

"@rollup/plugin-commonjs@^28.0.6":
  version "28.0.6"
  resolved "https://registry.yarnpkg.com/@rollup/plugin-commonjs/-/plugin-commonjs-28.0.6.tgz#32425f28832a1831c4388b71541ef229ef34cd4c"
  integrity sha512-XSQB1K7FUU5QP+3lOQmVCE3I0FcbbNvmNT4VJSj93iUjayaARrTQeoRdiYQoftAJBLrR9t2agwAd3ekaTgHNlw==
  dependencies:
    "@rollup/pluginutils" "^5.0.1"
    commondir "^1.0.1"
    estree-walker "^2.0.2"
    fdir "^6.2.0"
    is-reference "1.2.1"
    magic-string "^0.30.3"
    picomatch "^4.0.2"

"@rollup/plugin-json@^6.1.0":
  version "6.1.0"
  resolved "https://registry.yarnpkg.com/@rollup/plugin-json/-/plugin-json-6.1.0.tgz#fbe784e29682e9bb6dee28ea75a1a83702e7b805"
  integrity sha512-EGI2te5ENk1coGeADSIwZ7G2Q8CJS2sF120T7jLw4xFw9n7wIOXHo+kIYRAoVpJAN+kmqZSoO3Fp4JtoNF4ReA==
  dependencies:
    "@rollup/pluginutils" "^5.1.0"

"@rollup/plugin-node-resolve@^16.0.2":
  version "16.0.2"
  resolved "https://registry.yarnpkg.com/@rollup/plugin-node-resolve/-/plugin-node-resolve-16.0.2.tgz#2e64485c12a01a81c619858aa393c3a61c1a0798"
  integrity sha512-tCtHJ2BlhSoK4cCs25NMXfV7EALKr0jyasmqVCq3y9cBrKdmJhtsy1iTz36Xhk/O+pDJbzawxF4K6ZblqCnITQ==
  dependencies:
    "@rollup/pluginutils" "^5.0.1"
    "@types/resolve" "1.20.2"
    deepmerge "^4.2.2"
    is-module "^1.0.0"
    resolve "^1.22.1"

"@rollup/pluginutils@^5.0.1", "@rollup/pluginutils@^5.1.0":
  version "5.3.0"
  resolved "https://registry.yarnpkg.com/@rollup/pluginutils/-/pluginutils-5.3.0.tgz#57ba1b0cbda8e7a3c597a4853c807b156e21a7b4"
  integrity sha512-5EdhGZtnu3V88ces7s53hhfK5KSASnJZv8Lulpc04cWO3REESroJXg73DFsOmgbU2BhwV0E20bu2IDZb3VKW4Q==
  dependencies:
    "@types/estree" "^1.0.0"
    estree-walker "^2.0.2"
    picomatch "^4.0.2"

"@rollup/rollup-android-arm-eabi@4.52.4":
  version "4.52.4"
  resolved "https://registry.yarnpkg.com/@rollup/rollup-android-arm-eabi/-/rollup-android-arm-eabi-4.52.4.tgz#59e7478d310f7e6a7c72453978f562483828112f"
  integrity sha512-BTm2qKNnWIQ5auf4deoetINJm2JzvihvGb9R6K/ETwKLql/Bb3Eg2H1FBp1gUb4YGbydMA3jcmQTR73q7J+GAA==

"@rollup/rollup-android-arm64@4.52.4":
  version "4.52.4"
  resolved "https://registry.yarnpkg.com/@rollup/rollup-android-arm64/-/rollup-android-arm64-4.52.4.tgz#a825192a0b1b2f27a5c950c439e7e37a33c5d056"
  integrity sha512-P9LDQiC5vpgGFgz7GSM6dKPCiqR3XYN1WwJKA4/BUVDjHpYsf3iBEmVz62uyq20NGYbiGPR5cNHI7T1HqxNs2w==

"@rollup/rollup-darwin-arm64@4.52.4":
  version "4.52.4"
  resolved "https://registry.yarnpkg.com/@rollup/rollup-darwin-arm64/-/rollup-darwin-arm64-4.52.4.tgz#4ee37078bccd725ae3c5f30ef92efc8e1bf886f3"
  integrity sha512-QRWSW+bVccAvZF6cbNZBJwAehmvG9NwfWHwMy4GbWi/BQIA/laTIktebT2ipVjNncqE6GLPxOok5hsECgAxGZg==

"@rollup/rollup-darwin-x64@4.52.4":
  version "4.52.4"
  resolved "https://registry.yarnpkg.com/@rollup/rollup-darwin-x64/-/rollup-darwin-x64-4.52.4.tgz#43cc08bd05bf9f388f125e7210a544e62d368d90"
  integrity sha512-hZgP05pResAkRJxL1b+7yxCnXPGsXU0fG9Yfd6dUaoGk+FhdPKCJ5L1Sumyxn8kvw8Qi5PvQ8ulenUbRjzeCTw==

"@rollup/rollup-freebsd-arm64@4.52.4":
  version "4.52.4"
  resolved "https://registry.yarnpkg.com/@rollup/rollup-freebsd-arm64/-/rollup-freebsd-arm64-4.52.4.tgz#bc8e640e28abe52450baf3fc80d9b26d9bb6587d"
  integrity sha512-xmc30VshuBNUd58Xk4TKAEcRZHaXlV+tCxIXELiE9sQuK3kG8ZFgSPi57UBJt8/ogfhAF5Oz4ZSUBN77weM+mQ==

"@rollup/rollup-freebsd-x64@4.52.4":
  version "4.52.4"
  resolved "https://registry.yarnpkg.com/@rollup/rollup-freebsd-x64/-/rollup-freebsd-x64-4.52.4.tgz#e981a22e057cc8c65bb523019d344d3a66b15bbc"
  integrity sha512-WdSLpZFjOEqNZGmHflxyifolwAiZmDQzuOzIq9L27ButpCVpD7KzTRtEG1I0wMPFyiyUdOO+4t8GvrnBLQSwpw==

"@rollup/rollup-linux-arm-gnueabihf@4.52.4":
  version "4.52.4"
  resolved "https://registry.yarnpkg.com/@rollup/rollup-linux-arm-gnueabihf/-/rollup-linux-arm-gnueabihf-4.52.4.tgz#4036b68904f392a20f3499d63b33e055b67eb274"
  integrity sha512-xRiOu9Of1FZ4SxVbB0iEDXc4ddIcjCv2aj03dmW8UrZIW7aIQ9jVJdLBIhxBI+MaTnGAKyvMwPwQnoOEvP7FgQ==

"@rollup/rollup-linux-arm-musleabihf@4.52.4":
  version "4.52.4"
  resolved "https://registry.yarnpkg.com/@rollup/rollup-linux-arm-musleabihf/-/rollup-linux-arm-musleabihf-4.52.4.tgz#d3b1b9589606e0ff916801c855b1ace9e733427a"
  integrity sha512-FbhM2p9TJAmEIEhIgzR4soUcsW49e9veAQCziwbR+XWB2zqJ12b4i/+hel9yLiD8pLncDH4fKIPIbt5238341Q==

"@rollup/rollup-linux-arm64-gnu@4.52.4":
  version "4.52.4"
  resolved "https://registry.yarnpkg.com/@rollup/rollup-linux-arm64-gnu/-/rollup-linux-arm64-gnu-4.52.4.tgz#cbf0943c477e3b96340136dd3448eaf144378cf2"
  integrity sha512-4n4gVwhPHR9q/g8lKCyz0yuaD0MvDf7dV4f9tHt0C73Mp8h38UCtSCSE6R9iBlTbXlmA8CjpsZoujhszefqueg==

"@rollup/rollup-linux-arm64-musl@4.52.4":
  version "4.52.4"
  resolved "https://registry.yarnpkg.com/@rollup/rollup-linux-arm64-musl/-/rollup-linux-arm64-musl-4.52.4.tgz#837f5a428020d5dce1c3b4cc049876075402cf78"
  integrity sha512-u0n17nGA0nvi/11gcZKsjkLj1QIpAuPFQbR48Subo7SmZJnGxDpspyw2kbpuoQnyK+9pwf3pAoEXerJs/8Mi9g==

"@rollup/rollup-linux-loong64-gnu@4.52.4":
  version "4.52.4"
  resolved "https://registry.yarnpkg.com/@rollup/rollup-linux-loong64-gnu/-/rollup-linux-loong64-gnu-4.52.4.tgz#532c214ababb32ab4bc21b4054278b9a8979e516"
  integrity sha512-0G2c2lpYtbTuXo8KEJkDkClE/+/2AFPdPAbmaHoE870foRFs4pBrDehilMcrSScrN/fB/1HTaWO4bqw+ewBzMQ==

"@rollup/rollup-linux-ppc64-gnu@4.52.4":
  version "4.52.4"
  resolved "https://registry.yarnpkg.com/@rollup/rollup-linux-ppc64-gnu/-/rollup-linux-ppc64-gnu-4.52.4.tgz#93900163b61b49cee666d10ee38257a8b1dd161a"
  integrity sha512-teSACug1GyZHmPDv14VNbvZFX779UqWTsd7KtTM9JIZRDI5NUwYSIS30kzI8m06gOPB//jtpqlhmraQ68b5X2g==

"@rollup/rollup-linux-riscv64-gnu@4.52.4":
  version "4.52.4"
  resolved "https://registry.yarnpkg.com/@rollup/rollup-linux-riscv64-gnu/-/rollup-linux-riscv64-gnu-4.52.4.tgz#f0ffdcc7066ca04bc972370c74289f35c7a7dc42"
  integrity sha512-/MOEW3aHjjs1p4Pw1Xk4+3egRevx8Ji9N6HUIA1Ifh8Q+cg9dremvFCUbOX2Zebz80BwJIgCBUemjqhU5XI5Eg==

"@rollup/rollup-linux-riscv64-musl@4.52.4":
  version "4.52.4"
  resolved "https://registry.yarnpkg.com/@rollup/rollup-linux-riscv64-musl/-/rollup-linux-riscv64-musl-4.52.4.tgz#361695c39dbe96773509745d77a870a32a9f8e48"
  integrity sha512-1HHmsRyh845QDpEWzOFtMCph5Ts+9+yllCrREuBR/vg2RogAQGGBRC8lDPrPOMnrdOJ+mt1WLMOC2Kao/UwcvA==

"@rollup/rollup-linux-s390x-gnu@4.52.4":
  version "4.52.4"
  resolved "https://registry.yarnpkg.com/@rollup/rollup-linux-s390x-gnu/-/rollup-linux-s390x-gnu-4.52.4.tgz#09fc6cc2e266a2324e366486ae5d1bca48c43a6a"
  integrity sha512-seoeZp4L/6D1MUyjWkOMRU6/iLmCU2EjbMTyAG4oIOs1/I82Y5lTeaxW0KBfkUdHAWN7j25bpkt0rjnOgAcQcA==

"@rollup/rollup-linux-x64-gnu@4.52.4":
  version "4.52.4"
  resolved "https://registry.yarnpkg.com/@rollup/rollup-linux-x64-gnu/-/rollup-linux-x64-gnu-4.52.4.tgz#aa9d5b307c08f05d3454225bb0a2b4cc87eeb2e1"
  integrity sha512-Wi6AXf0k0L7E2gteNsNHUs7UMwCIhsCTs6+tqQ5GPwVRWMaflqGec4Sd8n6+FNFDw9vGcReqk2KzBDhCa1DLYg==

"@rollup/rollup-linux-x64-musl@4.52.4":
  version "4.52.4"
  resolved "https://registry.yarnpkg.com/@rollup/rollup-linux-x64-musl/-/rollup-linux-x64-musl-4.52.4.tgz#26949e5b4645502a61daba2f7a8416bd17cb5382"
  integrity sha512-dtBZYjDmCQ9hW+WgEkaffvRRCKm767wWhxsFW3Lw86VXz/uJRuD438/XvbZT//B96Vs8oTA8Q4A0AfHbrxP9zw==

"@rollup/rollup-openharmony-arm64@4.52.4":
  version "4.52.4"
  resolved "https://registry.yarnpkg.com/@rollup/rollup-openharmony-arm64/-/rollup-openharmony-arm64-4.52.4.tgz#ef493c072f9dac7e0edb6c72d63366846b6ffcd9"
  integrity sha512-1ox+GqgRWqaB1RnyZXL8PD6E5f7YyRUJYnCqKpNzxzP0TkaUh112NDrR9Tt+C8rJ4x5G9Mk8PQR3o7Ku2RKqKA==

"@rollup/rollup-win32-arm64-msvc@4.52.4":
  version "4.52.4"
  resolved "https://registry.yarnpkg.com/@rollup/rollup-win32-arm64-msvc/-/rollup-win32-arm64-msvc-4.52.4.tgz#56e1aaa6a630d2202ee7ec0adddd05cf384ffd44"
  integrity sha512-8GKr640PdFNXwzIE0IrkMWUNUomILLkfeHjXBi/nUvFlpZP+FA8BKGKpacjW6OUUHaNI6sUURxR2U2g78FOHWQ==

"@rollup/rollup-win32-ia32-msvc@4.52.4":
  version "4.52.4"
  resolved "https://registry.yarnpkg.com/@rollup/rollup-win32-ia32-msvc/-/rollup-win32-ia32-msvc-4.52.4.tgz#0a44bbf933a9651c7da2b8569fa448dec0de7480"
  integrity sha512-AIy/jdJ7WtJ/F6EcfOb2GjR9UweO0n43jNObQMb6oGxkYTfLcnN7vYYpG+CN3lLxrQkzWnMOoNSHTW54pgbVxw==

"@rollup/rollup-win32-x64-gnu@4.52.4":
  version "4.52.4"
  resolved "https://registry.yarnpkg.com/@rollup/rollup-win32-x64-gnu/-/rollup-win32-x64-gnu-4.52.4.tgz#730e12f0b60b234a7c02d5d3179ca3ec7972033d"
  integrity sha512-UF9KfsH9yEam0UjTwAgdK0anlQ7c8/pWPU2yVjyWcF1I1thABt6WXE47cI71pGiZ8wGvxohBoLnxM04L/wj8mQ==

"@rollup/rollup-win32-x64-msvc@4.52.4":
  version "4.52.4"
  resolved "https://registry.yarnpkg.com/@rollup/rollup-win32-x64-msvc/-/rollup-win32-x64-msvc-4.52.4.tgz#5b2dd648a960b8fa00d76f2cc4eea2f03daa80f4"
  integrity sha512-bf9PtUa0u8IXDVxzRToFQKsNCRz9qLYfR/MpECxl4mRoWYjAeFjgxj1XdZr2M/GNVpT05p+LgQOHopYDlUu6/w==

"@types/estree@*", "@types/estree@1.0.8", "@types/estree@^1.0.0":
  version "1.0.8"
  resolved "https://registry.yarnpkg.com/@types/estree/-/estree-1.0.8.tgz#958b91c991b1867ced318bedea0e215ee050726e"
  integrity sha512-dWHzHa2WqEXI/O1E9OjrocMTKJl2mSrEolh1Iomrv6U+JuNwaHXsXx9bLu5gG7BUWFIN0skIQJQ/L1rIex4X6w==

"@types/events@^3.0.0":
  version "3.0.3"
  resolved "https://registry.yarnpkg.com/@types/events/-/events-3.0.3.tgz#a8ef894305af28d1fc6d2dfdfc98e899591ea529"
  integrity sha512-trOc4AAUThEz9hapPtSd7wf5tiQKvTtu5b371UxXdTuqzIh0ArcRspRP0i0Viu+LXstIQ1z96t1nsPxT9ol01g==

"@types/node@*":
  version "24.7.2"
  resolved "https://registry.yarnpkg.com/@types/node/-/node-24.7.2.tgz#5adf66b6e2ac5cab1d10a2ad3682e359cb652f4a"
  integrity sha512-/NbVmcGTP+lj5oa4yiYxxeBjRivKQ5Ns1eSZeB99ExsEQ6rX5XYU1Zy/gGxY/ilqtD4Etx9mKyrPxZRetiahhA==
  dependencies:
    undici-types "~7.14.0"

"@types/resolve@1.20.2":
  version "1.20.2"
  resolved "https://registry.yarnpkg.com/@types/resolve/-/resolve-1.20.2.tgz#97d26e00cd4a0423b4af620abecf3e6f442b7975"
  integrity sha512-60BCwRFOZCQhDncwQdxxeOEEkbc5dIMccYLwbxsS4TUNeVECQ/pBJ0j09mrHOl/JJvpRPGwO9SvE4nR2Nb/a4Q==

acorn@^8.15.0:
  version "8.15.0"
  resolved "https://registry.yarnpkg.com/acorn/-/acorn-8.15.0.tgz#a360898bc415edaac46c8241f6383975b930b816"
  integrity sha512-NZyJarBfL7nWwIq+FDL6Zp/yHEhePMNnnJ0y3qfieCrmNvYct8uvtiV41UvlSe6apAfk0fY1FbWx+NwfmpvtTg==

another-json@^0.2.0:
  version "0.2.0"
  resolved "https://registry.yarnpkg.com/another-json/-/another-json-0.2.0.tgz#b5f4019c973b6dd5c6506a2d93469cb6d32aeedc"
  integrity sha512-/Ndrl68UQLhnCdsAzEXLMFuOR546o2qbYRqCglaNHbjXrwG1ayTcdwr3zkSGOGtGXDyR5X9nCFfnyG2AFJIsqg==

base-x@^5.0.0:
  version "5.0.1"
  resolved "https://registry.yarnpkg.com/base-x/-/base-x-5.0.1.tgz#16bf35254be1df8aca15e36b7c1dda74b2aa6b03"
  integrity sha512-M7uio8Zt++eg3jPj+rHMfCC+IuygQHHCOU+IYsVtik6FWjuYpVt/+MRKcgsAMHh8mMFAwnB+Bs+mTrFiXjMzKg==

bs58@^6.0.0:
  version "6.0.0"
  resolved "https://registry.yarnpkg.com/bs58/-/bs58-6.0.0.tgz#a2cda0130558535dd281a2f8697df79caaf425d8"
  integrity sha512-PD0wEnEYg6ijszw/u8s+iI3H17cTymlrwkKhDhPZq+Sokl3AU4htyBFTjAeNAlCCmg0f53g6ih3jATyCKftTfw==
  dependencies:
    base-x "^5.0.0"

buffer-from@^1.0.0:
  version "1.1.2"
  resolved "https://registry.yarnpkg.com/buffer-from/-/buffer-from-1.1.2.tgz#2b146a6fd72e80b4f55d255f35ed59a3a9a41bd5"
  integrity sha512-E+XQCRwSbaaiChtv6k6Dwgc+bx+Bs6vuKJHHl5kox/BaKbhiXzqQOwK4cO22yElGp2OCmjwVhT3HmxgyPGnJfQ==

commander@^2.20.0:
  version "2.20.3"
  resolved "https://registry.yarnpkg.com/commander/-/commander-2.20.3.tgz#fd485e84c03eb4881c20722ba48035e8531aeb33"
  integrity sha512-GpVkmM8vF2vQUkj2LvZmD35JxeJOLCwJ9cUkugyk2nuhbv3+mJvpLYYt+0+USMxE+oj+ey/lJEnhZw75x/OMcQ==

commondir@^1.0.1:
  version "1.0.1"
  resolved "https://registry.yarnpkg.com/commondir/-/commondir-1.0.1.tgz#ddd800da0c66127393cca5950ea968a3aaf1253b"
  integrity sha512-W9pAhw0ja1Edb5GVdIF1mjZw/ASI0AlShXM83UUGe2DVr5TdAPEA1OA8m/g8zWp9x6On7gqufY+FatDbC3MDQg==

content-type@^1.0.4:
  version "1.0.5"
  resolved "https://registry.yarnpkg.com/content-type/-/content-type-1.0.5.tgz#8b773162656d1d1086784c8f23a54ce6d73d7918"
  integrity sha512-nTjqfcBFEipKdXCv4YDQWCfmcLZKm81ldF0pAopTvyrFGVbcR6P/VAAd5G7N+0tTr8QqiU0tFadD6FK4NtJwOA==

deepmerge@^4.2.2:
  version "4.3.1"
  resolved "https://registry.yarnpkg.com/deepmerge/-/deepmerge-4.3.1.tgz#44b5f2147cd3b00d4b56137685966f26fd25dd4a"
  integrity sha512-3sUqbMEc77XqpdNO7FRyRog+eW3ph+GYCbj+rK+uYyRMuwsVy0rMiVtPn+QJlKFvWP/1PYpapqYn0Me2knFn+A==

estree-walker@^2.0.2:
  version "2.0.2"
  resolved "https://registry.yarnpkg.com/estree-walker/-/estree-walker-2.0.2.tgz#52f010178c2a4c117a7757cfe942adb7d2da4cac"
  integrity sha512-Rfkk/Mp/DL7JVje3u18FxFujQlTNR2q6QfMSMB7AvCBx91NGj/ba3kCfza0f6dVDbw7YlRf/nDrn7pQrCCyQ/w==

events@^3.2.0:
  version "3.3.0"
  resolved "https://registry.yarnpkg.com/events/-/events-3.3.0.tgz#31a95ad0a924e2d2c419a813aeb2c4e878ea7400"
  integrity sha512-mQw+2fkQbALzQ7V0MY0IqdnXNOeTtP4r0lN9z7AAawCXgqea7bDii20AYrIBrFd/Hx0M2Ocz6S111CaFkUcb0Q==

fdir@^6.2.0:
  version "6.5.0"
  resolved "https://registry.yarnpkg.com/fdir/-/fdir-6.5.0.tgz#ed2ab967a331ade62f18d077dae192684d50d350"
  integrity sha512-tIbYtZbucOs0BRGqPJkshJUYdL+SDH7dVM8gjy+ERp3WAUjLEFJE+02kanyHtwjWOnwrKYBiwAmM0p4kLJAnXg==

fsevents@~2.3.2:
  version "2.3.3"
  resolved "https://registry.yarnpkg.com/fsevents/-/fsevents-2.3.3.tgz#cac6407785d03675a2a5e1a5305c697b347d90d6"
  integrity sha512-5xoDfX+fL7faATnagmWPpbFtwh/R77WmMMqqHGS65C3vvB0YHrgF+B1YmZ3441tMj5n63k0212XNoJwzlhffQw==

function-bind@^1.1.2:
  version "1.1.2"
  resolved "https://registry.yarnpkg.com/function-bind/-/function-bind-1.1.2.tgz#2c02d864d97f3ea6c8830c464cbd11ab6eab7a1c"
  integrity sha512-7XHNxH7qX9xG5mIwxkhumTox/MIRNcOgDrxWsMt2pAr23WHp6MrRlN7FBSFpCpr+oVO0F744iUgR82nJMfG2SA==

has-flag@^4.0.0:
  version "4.0.0"
  resolved "https://registry.yarnpkg.com/has-flag/-/has-flag-4.0.0.tgz#944771fd9c81c81265c4d6941860da06bb59479b"
  integrity sha512-EykJT/Q1KjTWctppgIAgfSO0tKVuZUjhgMr17kqTumMl6Afv3EISleU7qZUzoXDFTAHTDC4NOoG/ZxU3EvlMPQ==

hasown@^2.0.2:
  version "2.0.2"
  resolved "https://registry.yarnpkg.com/hasown/-/hasown-2.0.2.tgz#003eaf91be7adc372e84ec59dc37252cedb80003"
  integrity sha512-0hJU9SCPvmMzIBdZFqNPXWa6dqh7WdH0cII9y+CyS8rG3nL48Bclra9HmKhVVUHyPWNH5Y7xDwAB7bfgSjkUMQ==
  dependencies:
    function-bind "^1.1.2"

is-core-module@^2.16.0:
  version "2.16.1"
  resolved "https://registry.yarnpkg.com/is-core-module/-/is-core-module-2.16.1.tgz#2a98801a849f43e2add644fbb6bc6229b19a4ef4"
  integrity sha512-UfoeMA6fIJ8wTYFEUjelnaGI67v6+N7qXJEvQuIGa99l4xsCruSYOVSQ0uPANn4dAzm8lkYPaKLrrijLq7x23w==
  dependencies:
    hasown "^2.0.2"

is-module@^1.0.0:
  version "1.0.0"
  resolved "https://registry.yarnpkg.com/is-module/-/is-module-1.0.0.tgz#3258fb69f78c14d5b815d664336b4cffb6441591"
  integrity sha512-51ypPSPCoTEIN9dy5Oy+h4pShgJmPCygKfyRCISBI+JoWT/2oJvK8QPxmwv7b/p239jXrm9M1mlQbyKJ5A152g==

is-network-error@^1.1.0:
  version "1.3.0"
  resolved "https://registry.yarnpkg.com/is-network-error/-/is-network-error-1.3.0.tgz#2ce62cbca444abd506f8a900f39d20b898d37512"
  integrity sha512-6oIwpsgRfnDiyEDLMay/GqCl3HoAtH5+RUKW29gYkL0QA+ipzpDLA16yQs7/RHCSu+BwgbJaOUqa4A99qNVQVw==

is-reference@1.2.1:
  version "1.2.1"
  resolved "https://registry.yarnpkg.com/is-reference/-/is-reference-1.2.1.tgz#8b2dac0b371f4bc994fdeaba9eb542d03002d0b7"
  integrity sha512-U82MsXXiFIrjCK4otLT+o2NA2Cd2g5MLoOVXUZjIOhLurrRxpEXzI8O0KZHr3IjLvlAH1kTPYSuqer5T9ZVBKQ==
  dependencies:
    "@types/estree" "*"

jest-worker@^26.2.1:
  version "26.6.2"
  resolved "https://registry.yarnpkg.com/jest-worker/-/jest-worker-26.6.2.tgz#7f72cbc4d643c365e27b9fd775f9d0eaa9c7a8ed"
  integrity sha512-KWYVV1c4i+jbMpaBC+U++4Va0cp8OisU185o73T1vo99hqi7w8tSJfUXYswwqqrjzwxa6KpRK54WhPvwf5w6PQ==
  dependencies:
    "@types/node" "*"
    merge-stream "^2.0.0"
    supports-color "^7.0.0"

js-tokens@^4.0.0:
  version "4.0.0"
  resolved "https://registry.yarnpkg.com/js-tokens/-/js-tokens-4.0.0.tgz#19203fb59991df98e3a287050d4647cdeaf32499"
  integrity sha512-RdJUflcE3cUzKiMqQgsCu06FPu9UdIJO0beYbPhHN4k6apgJtifcoCtT9bcxOpYBtpD2kCM6Sbzg4CausW/PKQ==

jwt-decode@^4.0.0:
  version "4.0.0"
  resolved "https://registry.yarnpkg.com/jwt-decode/-/jwt-decode-4.0.0.tgz#2270352425fd413785b2faf11f6e755c5151bd4b"
  integrity sha512-+KJGIyHgkGuIq3IEBNftfhW/LfWhXUIY6OmyVWjliu5KH1y0fw7VQ8YndE2O4qZdMSd9SqbnC8GOcZEy0Om7sA==

loglevel@^1.9.2:
  version "1.9.2"
  resolved "https://registry.yarnpkg.com/loglevel/-/loglevel-1.9.2.tgz#c2e028d6c757720107df4e64508530db6621ba08"
  integrity sha512-HgMmCqIJSAKqo68l0rS2AanEWfkxaZ5wNiEFb5ggm08lDs9Xl2KxBlX3PTcaD2chBM1gXAYf491/M2Rv8Jwayg==

magic-string@^0.30.3:
  version "0.30.19"
  resolved "https://registry.yarnpkg.com/magic-string/-/magic-string-0.30.19.tgz#cebe9f104e565602e5d2098c5f2e79a77cc86da9"
  integrity sha512-2N21sPY9Ws53PZvsEpVtNuSW+ScYbQdp4b9qUaL+9QkHUrGFKo56Lg9Emg5s9V/qrtNBmiR01sYhUOwu3H+VOw==
  dependencies:
    "@jridgewell/sourcemap-codec" "^1.5.5"

matrix-events-sdk@0.0.1:
  version "0.0.1"
  resolved "https://registry.yarnpkg.com/matrix-events-sdk/-/matrix-events-sdk-0.0.1.tgz#c8c38911e2cb29023b0bbac8d6f32e0de2c957dd"
  integrity sha512-1QEOsXO+bhyCroIe2/A5OwaxHvBm7EsSQ46DEDn8RBIfQwN5HWBpFvyWWR4QY0KHPPnnJdI99wgRiAl7Ad5qaA==

matrix-js-sdk@^38.4.0:
  version "38.4.0"
  resolved "https://registry.yarnpkg.com/matrix-js-sdk/-/matrix-js-sdk-38.4.0.tgz#446f83e4a91e49f044f02ee35643a83c3f6da116"
  integrity sha512-Xs9/6pE1eL/F5bP11jrtsZXiPlCda+mW5UC21DifvpjHWvAZsz4rq24rXd4s5/oPrIZKJqP8Fnfcic870ben2w==
  dependencies:
    "@babel/runtime" "^7.12.5"
    "@matrix-org/matrix-sdk-crypto-wasm" "^15.3.0"
    another-json "^0.2.0"
    bs58 "^6.0.0"
    content-type "^1.0.4"
    jwt-decode "^4.0.0"
    loglevel "^1.9.2"
    matrix-events-sdk "0.0.1"
    matrix-widget-api "^1.10.0"
    oidc-client-ts "^3.0.1"
    p-retry "7"
    sdp-transform "^2.14.1"
    unhomoglyph "^1.0.6"
    uuid "13"

matrix-widget-api@^1.10.0:
  version "1.13.1"
  resolved "https://registry.yarnpkg.com/matrix-widget-api/-/matrix-widget-api-1.13.1.tgz#5b1caeed2fc58148bcd2984e0546d2d06a1713ad"
  integrity sha512-mkOHUVzaN018TCbObfGOSaMW2GoUxOfcxNNlTVx5/HeMk3OSQPQM0C9oEME5Liiv/dBUoSrEB64V8wF7e/gb1w==
  dependencies:
    "@types/events" "^3.0.0"
    events "^3.2.0"

merge-stream@^2.0.0:
  version "2.0.0"
  resolved "https://registry.yarnpkg.com/merge-stream/-/merge-stream-2.0.0.tgz#52823629a14dd00c9770fb6ad47dc6310f2c1f60"
  integrity sha512-abv/qOcuPfk3URPfDzmZU1LKmuw8kT+0nIHvKrKgFrwifol/doWcdA4ZqsWQ8ENrFKkd67Mfpo/LovbIUsbt3w==

oidc-client-ts@^3.0.1:
  version "3.3.0"
  resolved "https://registry.yarnpkg.com/oidc-client-ts/-/oidc-client-ts-3.3.0.tgz#98a12e643b930825fb141634974e139d804ef972"
  integrity sha512-t13S540ZwFOEZKLYHJwSfITugupW4uYLwuQSSXyKH/wHwZ+7FvgHE7gnNJh1YQIZ1Yd1hKSRjqeXGSUtS0r9JA==
  dependencies:
    jwt-decode "^4.0.0"

p-retry@7:
  version "7.1.0"
  resolved "https://registry.yarnpkg.com/p-retry/-/p-retry-7.1.0.tgz#bddc957f94e8483f3c046a4318e1513fd0e784b4"
  integrity sha512-xL4PiFRQa/f9L9ZvR4/gUCRNus4N8YX80ku8kv9Jqz+ZokkiZLM0bcvX0gm1F3PDi9SPRsww1BDsTWgE6Y1GLQ==
  dependencies:
    is-network-error "^1.1.0"

path-parse@^1.0.7:
  version "1.0.7"
  resolved "https://registry.yarnpkg.com/path-parse/-/path-parse-1.0.7.tgz#fbc114b60ca42b30d9daf5858e4bd68bbedb6735"
  integrity sha512-LDJzPVEEEPR+y48z93A0Ed0yXb8pAByGWo/k5YYdYgpY2/2EsOsksJrq7lOHxryrVOn1ejG6oAp8ahvOIQD8sw==

picocolors@^1.1.1:
  version "1.1.1"
  resolved "https://registry.yarnpkg.com/picocolors/-/picocolors-1.1.1.tgz#3d321af3eab939b083c8f929a1d12cda81c26b6b"
  integrity sha512-xceH2snhtb5M9liqDsmEw56le376mTZkEX/jEb/RxNFyegNul7eNslCXP9FDj/Lcu0X8KEyMceP2ntpaHrDEVA==

picomatch@^4.0.2:
  version "4.0.3"
  resolved "https://registry.yarnpkg.com/picomatch/-/picomatch-4.0.3.tgz#796c76136d1eead715db1e7bad785dedd695a042"
  integrity sha512-5gTmgEY/sqK6gFXLIsQNH19lWb4ebPDLA4SdLP7dsWkIXHWlG66oPuVvXSGFPppYZz8ZDZq0dYYrbHfBCVUb1Q==

randombytes@^2.1.0:
  version "2.1.0"
  resolved "https://registry.yarnpkg.com/randombytes/-/randombytes-2.1.0.tgz#df6f84372f0270dc65cdf6291349ab7a473d4f2a"
  integrity sha512-vYl3iOX+4CKUWuxGi9Ukhie6fsqXqS9FE2Zaic4tNFD2N2QQaXOMFbuKK4QmDHC0JO6B1Zp41J0LpT0oR68amQ==
  dependencies:
    safe-buffer "^5.1.0"

resolve@^1.22.1:
  version "1.22.10"
  resolved "https://registry.yarnpkg.com/resolve/-/resolve-1.22.10.tgz#b663e83ffb09bbf2386944736baae803029b8b39"
  integrity sha512-NPRy+/ncIMeDlTAsuqwKIiferiawhefFJtkNSW0qZJEqMEb+qBt/77B/jGeeek+F0uOeN05CDa6HXbbIgtVX4w==
  dependencies:
    is-core-module "^2.16.0"
    path-parse "^1.0.7"
    supports-preserve-symlinks-flag "^1.0.0"

rollup-plugin-terser@^7.0.2:
  version "7.0.2"
  resolved "https://registry.yarnpkg.com/rollup-plugin-terser/-/rollup-plugin-terser-7.0.2.tgz#e8fbba4869981b2dc35ae7e8a502d5c6c04d324d"
  integrity sha512-w3iIaU4OxcF52UUXiZNsNeuXIMDvFrr+ZXK6bFZ0Q60qyVfq4uLptoS4bbq3paG3x216eQllFZX7zt6TIImguQ==
  dependencies:
    "@babel/code-frame" "^7.10.4"
    jest-worker "^26.2.1"
    serialize-javascript "^4.0.0"
    terser "^5.0.0"

rollup@^4.52.4:
  version "4.52.4"
  resolved "https://registry.yarnpkg.com/rollup/-/rollup-4.52.4.tgz#71e64cce96a865fcbaa6bb62c6e82807f4e378a1"
  integrity sha512-CLEVl+MnPAiKh5pl4dEWSyMTpuflgNQiLGhMv8ezD5W/qP8AKvmYpCOKRRNOh7oRKnauBZ4SyeYkMS+1VSyKwQ==
  dependencies:
    "@types/estree" "1.0.8"
  optionalDependencies:
    "@rollup/rollup-android-arm-eabi" "4.52.4"
    "@rollup/rollup-android-arm64" "4.52.4"
    "@rollup/rollup-darwin-arm64" "4.52.4"
    "@rollup/rollup-darwin-x64" "4.52.4"
    "@rollup/rollup-freebsd-arm64" "4.52.4"
    "@rollup/rollup-freebsd-x64" "4.52.4"
    "@rollup/rollup-linux-arm-gnueabihf" "4.52.4"
    "@rollup/rollup-linux-arm-musleabihf" "4.52.4"
    "@rollup/rollup-linux-arm64-gnu" "4.52.4"
    "@rollup/rollup-linux-arm64-musl" "4.52.4"
    "@rollup/rollup-linux-loong64-gnu" "4.52.4"
    "@rollup/rollup-linux-ppc64-gnu" "4.52.4"
    "@rollup/rollup-linux-riscv64-gnu" "4.52.4"
    "@rollup/rollup-linux-riscv64-musl" "4.52.4"
    "@rollup/rollup-linux-s390x-gnu" "4.52.4"
    "@rollup/rollup-linux-x64-gnu" "4.52.4"
    "@rollup/rollup-linux-x64-musl" "4.52.4"
    "@rollup/rollup-openharmony-arm64" "4.52.4"
    "@rollup/rollup-win32-arm64-msvc" "4.52.4"
    "@rollup/rollup-win32-ia32-msvc" "4.52.4"
    "@rollup/rollup-win32-x64-gnu" "4.52.4"
    "@rollup/rollup-win32-x64-msvc" "4.52.4"
    fsevents "~2.3.2"

safe-buffer@^5.1.0:
  version "5.2.1"
  resolved "https://registry.yarnpkg.com/safe-buffer/-/safe-buffer-5.2.1.tgz#1eaf9fa9bdb1fdd4ec75f58f9cdb4e6b7827eec6"
  integrity sha512-rp3So07KcdmmKbGvgaNxQSJr7bGVSVk5S9Eq1F+ppbRo70+YeaDxkw5Dd8NPN+GD6bjnYm2VuPuCXmpuYvmCXQ==

sdp-transform@^2.14.1:
  version "2.15.0"
  resolved "https://registry.yarnpkg.com/sdp-transform/-/sdp-transform-2.15.0.tgz#79d37a2481916f36a0534e07b32ceaa87f71df42"
  integrity sha512-KrOH82c/W+GYQ0LHqtr3caRpM3ITglq3ljGUIb8LTki7ByacJZ9z+piSGiwZDsRyhQbYBOBJgr2k6X4BZXi3Kw==

serialize-javascript@^4.0.0:
  version "4.0.0"
  resolved "https://registry.yarnpkg.com/serialize-javascript/-/serialize-javascript-4.0.0.tgz#b525e1238489a5ecfc42afacc3fe99e666f4b1aa"
  integrity sha512-GaNA54380uFefWghODBWEGisLZFj00nS5ACs6yHa9nLqlLpVLO8ChDGeKRjZnV4Nh4n0Qi7nhYZD/9fCPzEqkw==
  dependencies:
    randombytes "^2.1.0"

source-map-support@~0.5.20:
  version "0.5.21"
  resolved "https://registry.yarnpkg.com/source-map-support/-/source-map-support-0.5.21.tgz#04fe7c7f9e1ed2d662233c28cb2b35b9f63f6e4f"
  integrity sha512-uBHU3L3czsIyYXKX88fdrGovxdSCoTGDRZ6SYXtSRxLZUzHg5P/66Ht6uoUlHu9EZod+inXhKo3qQgwXUT/y1w==
  dependencies:
    buffer-from "^1.0.0"
    source-map "^0.6.0"

source-map@^0.6.0:
  version "0.6.1"
  resolved "https://registry.yarnpkg.com/source-map/-/source-map-0.6.1.tgz#74722af32e9614e9c287a8d0bbde48b5e2f1a263"
  integrity sha512-UjgapumWlbMhkBgzT7Ykc5YXUT46F0iKu8SGXq0bcwP5dz/h0Plj6enJqjz1Zbq2l5WaqYnrVbwWOWMyF3F47g==

supports-color@^7.0.0:
  version "7.2.0"
  resolved "https://registry.yarnpkg.com/supports-color/-/supports-color-7.2.0.tgz#1b7dcdcb32b8138801b3e478ba6a51caa89648da"
  integrity sha512-qpCAvRl9stuOHveKsn7HncJRvv501qIacKzQlO/+Lwxc9+0q2wLyv4Dfvt80/DPn2pqOBsJdDiogXGR9+OvwRw==
  dependencies:
    has-flag "^4.0.0"

supports-preserve-symlinks-flag@^1.0.0:
  version "1.0.0"
  resolved "https://registry.yarnpkg.com/supports-preserve-symlinks-flag/-/supports-preserve-symlinks-flag-1.0.0.tgz#6eda4bd344a3c94aea376d4cc31bc77311039e09"
  integrity sha512-ot0WnXS9fgdkgIcePe6RHNk1WA8+muPa6cSjeR3V8K27q9BB1rTE3R1p7Hv0z1ZyAc8s6Vvv8DIyWf681MAt0w==

terser@^5.0.0:
  version "5.44.0"
  resolved "https://registry.yarnpkg.com/terser/-/terser-5.44.0.tgz#ebefb8e5b8579d93111bfdfc39d2cf63879f4a82"
  integrity sha512-nIVck8DK+GM/0Frwd+nIhZ84pR/BX7rmXMfYwyg+Sri5oGVE99/E3KvXqpC2xHFxyqXyGHTKBSioxxplrO4I4w==
  dependencies:
    "@jridgewell/source-map" "^0.3.3"
    acorn "^8.15.0"
    commander "^2.20.0"
    source-map-support "~0.5.20"

undici-types@~7.14.0:
  version "7.14.0"
  resolved "https://registry.yarnpkg.com/undici-types/-/undici-types-7.14.0.tgz#4c037b32ca4d7d62fae042174604341588bc0840"
  integrity sha512-QQiYxHuyZ9gQUIrmPo3IA+hUl4KYk8uSA7cHrcKd/l3p1OTpZcM0Tbp9x7FAtXdAYhlasd60ncPpgu6ihG6TOA==

unhomoglyph@^1.0.6:
  version "1.0.6"
  resolved "https://registry.yarnpkg.com/unhomoglyph/-/unhomoglyph-1.0.6.tgz#ea41f926d0fcf598e3b8bb2980c2ddac66b081d3"
  integrity sha512-7uvcWI3hWshSADBu4JpnyYbTVc7YlhF5GDW/oPD5AxIxl34k4wXR3WDkPnzLxkN32LiTCTKMQLtKVZiwki3zGg==

uuid@13:
  version "13.0.0"
  resolved "https://registry.yarnpkg.com/uuid/-/uuid-13.0.0.tgz#263dc341b19b4d755eb8fe36b78d95a6b65707e8"
  integrity sha512-XQegIaBTVUjSHliKqcnFqYypAd4S+WCYt5NIeRs6w/UAry7z8Y9j5ZwRRL4kzq9U3sD6v+85er9FvkEaBpji2w==
